
Microsoft Visual Studio Solution File, Format Version 12.00
# Visual Studio Version 17
VisualStudioVersion = 17.7.34031.279
MinimumVisualStudioVersion = 10.0.40219.1
Project("{FAE04EC0-301F-11D3-BF4B-00C04F79EFBC}") = "01. Students", "01. Students.csproj", "{3D6888E4-FDB0-440D-997A-F03E3527AD0D}"
EndProject
Project("{FAE04EC0-301F-11D3-BF4B-00C04F79EFBC}") = "02. Articles", "..\02. Articles\02. Articles.csproj", "{D89CBAC3-0788-4350-BAF4-795BE9B94E7A}"
EndProject
Project("{FAE04EC0-301F-11D3-BF4B-00C04F79EFBC}") = "03. Teamwork-Projects", "..\03. Teamwork-Projects\03. Teamwork-Projects.csproj", "{EF646ABA-CCC1-4E94-9172-14524F4B78CF}"
EndProject
Project("{FAE04EC0-301F-11D3-BF4B-00C04F79EFBC}") = "04. Pokemon-Trainers", "..\04. Pokemon-Trainers\04. Pokemon-Trainers.csproj", "{AD14B1FC-D74A-4162-902E-994B75F36157}"
EndProject
Project("{FAE04EC0-301F-11D3-BF4B-00C04F79EFBC}") = "Demo", "..\Demo\Demo.csproj", "{45ACEF27-3EFE-4D31-A285-1D7E1A4F2242}"
EndProject
Global
	GlobalSection(SolutionConfigurationPlatforms) = preSolution
		Debug|Any CPU = Debug|Any CPU
		Release|Any CPU = Release|Any CPU
	EndGlobalSection
	GlobalSection(ProjectConfigurationPlatforms) = postSolution
		{3D6888E4-FDB0-440D-997A-F03E3527AD0D}.Debug|Any CPU.ActiveCfg = Debug|Any CPU
		{3D6888E4-FDB0-440D-997A-F03E3527AD0D}.Debug|Any CPU.Build.0 = Debug|Any CPU
		{3D6888E4-FDB0-440D-997A-F03E3527AD0D}.Release|Any CPU.ActiveCfg = Release|Any CPU
		{3D6888E4-FDB0-440D-997A-F03E3527AD0D}.Release|Any CPU.Build.0 = Release|Any CPU
		{D89CBAC3-0788-4350-BAF4-795BE9B94E7A}.Debug|Any CPU.ActiveCfg = Debug|Any CPU
		{D89CBAC3-0788-4350-BAF4-795BE9B94E7A}.Debug|Any CPU.Build.0 = Debug|Any CPU
		{D89CBAC3-0788-4350-BAF4-795BE9B94E7A}.Release|Any CPU.ActiveCfg = Release|Any CPU
		{D89CBAC3-0788-4350-BAF4-795BE9B94E7A}.Release|Any CPU.Build.0 = Release|Any CPU
		{EF646ABA-CCC1-4E94-9172-14524F4B78CF}.Debug|Any CPU.ActiveCfg = Debug|Any CPU
		{EF646ABA-CCC1-4E94-9172-14524F4B78CF}.Debug|Any CPU.Build.0 = Debug|Any CPU
		{EF646ABA-CCC1-4E94-9172-14524F4B78CF}.Release|Any CPU.ActiveCfg = Release|Any CPU
		{EF646ABA-CCC1-4E94-9172-14524F4B78CF}.Release|Any CPU.Build.0 = Release|Any CPU
		{AD14B1FC-D74A-4162-902E-994B75F36157}.Debug|Any CPU.ActiveCfg = Debug|Any CPU
		{AD14B1FC-D74A-4162-902E-994B75F36157}.Debug|Any CPU.Build.0 = Debug|Any CPU
		{AD14B1FC-D74A-4162-902E-994B75F36157}.Release|Any CPU.ActiveCfg = Release|Any CPU
		{AD14B1FC-D74A-4162-902E-994B75F36157}.Release|Any CPU.Build.0 = Release|Any CPU
		{45ACEF27-3EFE-4D31-A285-1D7E1A4F2242}.Debug|Any CPU.ActiveCfg = Debug|Any CPU
		{45ACEF27-3EFE-4D31-A285-1D7E1A4F2242}.Debug|Any CPU.Build.0 = Debug|Any CPU
		{45ACEF27-3EFE-4D31-A285-1D7E1A4F2242}.Release|Any CPU.ActiveCfg = Release|Any CPU
		{45ACEF27-3EFE-4D31-A285-1D7E1A4F2242}.Release|Any CPU.Build.0 = Release|Any CPU
	EndGlobalSection
	GlobalSection(SolutionProperties) = preSolution
		HideSolutionNode = FALSE
	EndGlobalSection
	GlobalSection(ExtensibilityGlobals) = postSolution
		SolutionGuid = {A9566A66-4FF7-441B-9661-BA945160DEE6}
	EndGlobalSection
EndGlobal
