
Microsoft Visual Studio Solution File, Format Version 12.00
# Visual Studio Version 17
VisualStudioVersion = 17.7.34031.279
MinimumVisualStudioVersion = 10.0.40219.1
Project("{FAE04EC0-301F-11D3-BF4B-00C04F79EFBC}") = "01. Count-Real-Numbers", "01. Count-Real-Numbers.csproj", "{1CDE680D-7164-4CFF-A9F9-FE574729DBD0}"
EndProject
Project("{FAE04EC0-301F-11D3-BF4B-00C04F79EFBC}") = "02. Odd-Occurrences", "..\02. Odd-Occurrences\02. Odd-Occurrences.csproj", "{05D02829-B095-4FF5-B3DB-645F03E7001E}"
EndProject
Project("{FAE04EC0-301F-11D3-BF4B-00C04F79EFBC}") = "03. Word-Synonyms", "..\03. Word-Synonyms\03. Word-Synonyms.csproj", "{371BFECC-1E47-4F3E-AEFA-A85F9E384FA9}"
EndProject
Project("{FAE04EC0-301F-11D3-BF4B-00C04F79EFBC}") = "04. Word-Filter", "..\04. Word-Filter\04. Word-Filter.csproj", "{5C13E88A-BB45-449B-9A89-538DD9FE520A}"
EndProject
Global
	GlobalSection(SolutionConfigurationPlatforms) = preSolution
		Debug|Any CPU = Debug|Any CPU
		Release|Any CPU = Release|Any CPU
	EndGlobalSection
	GlobalSection(ProjectConfigurationPlatforms) = postSolution
		{1CDE680D-7164-4CFF-A9F9-FE574729DBD0}.Debug|Any CPU.ActiveCfg = Debug|Any CPU
		{1CDE680D-7164-4CFF-A9F9-FE574729DBD0}.Debug|Any CPU.Build.0 = Debug|Any CPU
		{1CDE680D-7164-4CFF-A9F9-FE574729DBD0}.Release|Any CPU.ActiveCfg = Release|Any CPU
		{1CDE680D-7164-4CFF-A9F9-FE574729DBD0}.Release|Any CPU.Build.0 = Release|Any CPU
		{05D02829-B095-4FF5-B3DB-645F03E7001E}.Debug|Any CPU.ActiveCfg = Debug|Any CPU
		{05D02829-B095-4FF5-B3DB-645F03E7001E}.Debug|Any CPU.Build.0 = Debug|Any CPU
		{05D02829-B095-4FF5-B3DB-645F03E7001E}.Release|Any CPU.ActiveCfg = Release|Any CPU
		{05D02829-B095-4FF5-B3DB-645F03E7001E}.Release|Any CPU.Build.0 = Release|Any CPU
		{371BFECC-1E47-4F3E-AEFA-A85F9E384FA9}.Debug|Any CPU.ActiveCfg = Debug|Any CPU
		{371BFECC-1E47-4F3E-AEFA-A85F9E384FA9}.Debug|Any CPU.Build.0 = Debug|Any CPU
		{371BFECC-1E47-4F3E-AEFA-A85F9E384FA9}.Release|Any CPU.ActiveCfg = Release|Any CPU
		{371BFECC-1E47-4F3E-AEFA-A85F9E384FA9}.Release|Any CPU.Build.0 = Release|Any CPU
		{5C13E88A-BB45-449B-9A89-538DD9FE520A}.Debug|Any CPU.ActiveCfg = Debug|Any CPU
		{5C13E88A-BB45-449B-9A89-538DD9FE520A}.Debug|Any CPU.Build.0 = Debug|Any CPU
		{5C13E88A-BB45-449B-9A89-538DD9FE520A}.Release|Any CPU.ActiveCfg = Release|Any CPU
		{5C13E88A-BB45-449B-9A89-538DD9FE520A}.Release|Any CPU.Build.0 = Release|Any CPU
	EndGlobalSection
	GlobalSection(SolutionProperties) = preSolution
		HideSolutionNode = FALSE
	EndGlobalSection
	GlobalSection(ExtensibilityGlobals) = postSolution
		SolutionGuid = {18F9FA46-28EC-41B0-8854-AE43942A20F0}
	EndGlobalSection
EndGlobal
